# THIS IS AN AUTOGENERATED FILE. DO NOT EDIT THIS FILE DIRECTLY.
# yarn lockfile v1


"@types/node@^13.1.8":
  version "13.1.8"
  resolved "https://registry.yarnpkg.com/@types/node/-/node-13.1.8.tgz#1d590429fe8187a02707720ecf38a6fe46ce294b"
  integrity sha512-6XzyyNM9EKQW4HKuzbo/CkOIjn/evtCmsU+MUM1xDfJ+3/rNjBttM1NgN7AOQvN6tP1Sl1D1PIKMreTArnxM9A==

eris@^0.11.2:
  version "0.11.2"
  resolved "https://registry.yarnpkg.com/eris/-/eris-0.11.2.tgz#a4adad72d795d64d71a74833ccf5adc4db0ad8c0"
  integrity sha512-OhccRcxrPiNUylTamrjIbZM6itKMLjNrwLIXGvNwQZj4CRVOOz9eUVIqOJULB713x1ezw7HoC8AEsnsMNUneDA==
  dependencies:
    ws "^7.2.1"
  optionalDependencies:
    opusscript "^0.0.7"
    tweetnacl "^1.0.1"

opusscript@^0.0.7:
  version "0.0.7"
  resolved "https://registry.yarnpkg.com/opusscript/-/opusscript-0.0.7.tgz#7dd7ec55b302d26bf588e6fc3feb090b8c7da856"
  integrity sha512-DcBadTdYTUuH9zQtepsLjQn4Ll6rs3dmeFvN+SD0ThPnxRBRm/WC1zXWPg+wgAJimB784gdZvUMA57gDP7FdVg==

reflect-metadata@^0.1.13:
  version "0.1.13"
  resolved "https://registry.yarnpkg.com/reflect-metadata/-/reflect-metadata-0.1.13.tgz#67ae3ca57c972a2aa1642b10fe363fe32d49dc08"
  integrity sha512-Ts1Y/anZELhSsjMcU605fU9RE4Oi3p5ORujwbIKXfWa+0Zxs510Qrmrce5/Jowq3cHSZSJqBjypxmHarc+vEWg==

tweetnacl@^1.0.1:
  version "1.0.2"
  resolved "https://registry.yarnpkg.com/tweetnacl/-/tweetnacl-1.0.2.tgz#39fba8d1f7a34706a3fc1fd8c04afcad7bb9e689"
  integrity sha512-+8aPRjmXgf1VqvyxSlBUzKzeYqVS9Ai8vZ28g+mL7dNQl1jlUTCMDZnvNQdAS1xTywMkIXwJsfipsR/6s2+syw==

ws@^7.2.1:
  version "7.2.1"
  resolved "https://registry.yarnpkg.com/ws/-/ws-7.2.1.tgz#03ed52423cd744084b2cf42ed197c8b65a936b8e"
  integrity sha512-sucePNSafamSKoOqoNfBd8V0StlkzJKL2ZAhGQinCfNQ+oacw+Pk7lcdAElecBF2VkLNZRiIb5Oi1Q5lVUVt2A==
