# THIS IS AN AUTOGENERATED FILE. DO NOT EDIT THIS FILE DIRECTLY.
# yarn lockfile v1


"@types/node@*", "@types/node@^13.5.0":
  version "13.5.0"
  resolved "https://registry.yarnpkg.com/@types/node/-/node-13.5.0.tgz#4e498dbf355795a611a87ae5ef811a8660d42662"
  integrity sha512-Onhn+z72D2O2Pb2ql2xukJ55rglumsVo1H6Fmyi8mlU9SvKdBk/pUSUAiBY/d9bAOF7VVWajX3sths/+g6ZiAQ==

"@types/redis@^2.8.14":
  version "2.8.14"
  resolved "https://registry.yarnpkg.com/@types/redis/-/redis-2.8.14.tgz#2ed46d0f923f7ccd63fbe73a46a1241e606cf716"
  integrity sha512-255dzsOLJdXFHBio9/aMHGozNkoiBUgc+g2nlNjbTSp5qcAlmpm4Z6Xs3pKOBLNIKdZbA2BkUxWvYSIwKra0Yw==
  dependencies:
    "@types/node" "*"

double-ended-queue@^2.1.0-0:
  version "2.1.0-0"
  resolved "https://registry.yarnpkg.com/double-ended-queue/-/double-ended-queue-2.1.0-0.tgz#103d3527fd31528f40188130c841efdd78264e5c"
  integrity sha1-ED01J/0xUo9AGIEwyEHv3XgmTlw=

redis-commands@^1.2.0:
  version "1.5.0"
  resolved "https://registry.yarnpkg.com/redis-commands/-/redis-commands-1.5.0.tgz#80d2e20698fe688f227127ff9e5164a7dd17e785"
  integrity sha512-6KxamqpZ468MeQC3bkWmCB1fp56XL64D4Kf0zJSwDZbVLLm7KFkoIcHrgRvQ+sk8dnhySs7+yBg94yIkAK7aJg==

redis-parser@^2.6.0:
  version "2.6.0"
  resolved "https://registry.yarnpkg.com/redis-parser/-/redis-parser-2.6.0.tgz#52ed09dacac108f1a631c07e9b69941e7a19504b"
  integrity sha1-Uu0J2srBCPGmMcB+m2mUHnoZUEs=

redis@^2.8.0:
  version "2.8.0"
  resolved "https://registry.yarnpkg.com/redis/-/redis-2.8.0.tgz#202288e3f58c49f6079d97af7a10e1303ae14b02"
  integrity sha512-M1OkonEQwtRmZv4tEWF2VgpG0JWJ8Fv1PhlgT5+B+uNq2cA3Rt1Yt/ryoR+vQNOQcIEgdCdfH0jr3bDpihAw1A==
  dependencies:
    double-ended-queue "^2.1.0-0"
    redis-commands "^1.2.0"
    redis-parser "^2.6.0"

typescript@^3.7.5:
  version "3.7.5"
  resolved "https://registry.yarnpkg.com/typescript/-/typescript-3.7.5.tgz#0692e21f65fd4108b9330238aac11dd2e177a1ae"
  integrity sha512-/P5lkRXkWHNAbcJIiHPfRoKqyd7bsyCma1hZNUGfn20qm64T6ZBlrzprymeu918H+mB/0rIg2gGK/BXkhhYgBw==
